
Microsoft Visual Studio Solution File, Format Version 12.00
# Visual Studio Version 16
VisualStudioVersion = 16.0.31229.75
MinimumVisualStudioVersion = 10.0.40219.1
Project("{FAE04EC0-301F-11D3-BF4B-00C04F79EFBC}") = "DelegatesAndEvents", "DelegatesAndEvents\DelegatesAndEvents.csproj", "{315EE89C-B256-45B3-9B88-44CA25D1E8C6}"
EndProject
Global
	GlobalSection(SolutionConfigurationPlatforms) = preSolution
		Debug|Any CPU = Debug|Any CPU
		Release|Any CPU = Release|Any CPU
	EndGlobalSection
	GlobalSection(ProjectConfigurationPlatforms) = postSolution
		{315EE89C-B256-45B3-9B88-44CA25D1E8C6}.Debug|Any CPU.ActiveCfg = Debug|Any CPU
		{315EE89C-B256-45B3-9B88-44CA25D1E8C6}.Debug|Any CPU.Build.0 = Debug|Any CPU
		{315EE89C-B256-45B3-9B88-44CA25D1E8C6}.Release|Any CPU.ActiveCfg = Release|Any CPU
		{315EE89C-B256-45B3-9B88-44CA25D1E8C6}.Release|Any CPU.Build.0 = Release|Any CPU
	EndGlobalSection
	GlobalSection(SolutionProperties) = preSolution
		HideSolutionNode = FALSE
	EndGlobalSection
	GlobalSection(ExtensibilityGlobals) = postSolution
		SolutionGuid = {DCB11CFF-A81C-49A8-B9CD-A0327E08EB93}
	EndGlobalSection
EndGlobal
